// !$*UTF8*$!
{
	archiveVersion = 1;
	classes = {
	};
	objectVersion = 46;
	objects = {

/* Begin PBXBuildFile section */
		FAD94EF71C48E71900EC0C46 /* AppDelegate.swift in Sources */ = {isa = PBXBuildFile; fileRef = FAD94EF61C48E71900EC0C46 /* AppDelegate.swift */; };
		FAD94EF91C48E71900EC0C46 /* ViewController.swift in Sources */ = {isa = PBXBuildFile; fileRef = FAD94EF81C48E71900EC0C46 /* ViewController.swift */; };
		FAD94EFC1C48E71900EC0C46 /* Main.storyboard in Resources */ = {isa = PBXBuildFile; fileRef = FAD94EFA1C48E71900EC0C46 /* Main.storyboard */; };
		FAD94EFE1C48E71900EC0C46 /* Assets.xcassets in Resources */ = {isa = PBXBuildFile; fileRef = FAD94EFD1C48E71900EC0C46 /* Assets.xcassets */; };
		FAD94F011C48E71900EC0C46 /* LaunchScreen.storyboard in Resources */ = {isa = PBXBuildFile; fileRef = FAD94EFF1C48E71900EC0C46 /* LaunchScreen.storyboard */; };
		FAD94F0C1C48E71A00EC0C46 /* Auto_LayoutTests.swift in Sources */ = {isa = PBXBuildFile; fileRef = FAD94F0B1C48E71A00EC0C46 /* Auto_LayoutTests.swift */; };
		FAD94F171C48E71A00EC0C46 /* Auto_LayoutUITests.swift in Sources */ = {isa = PBXBuildFile; fileRef = FAD94F161C48E71A00EC0C46 /* Auto_LayoutUITests.swift */; };
		FAD94F251C4A250700EC0C46 /* User.swift in Sources */ = {isa = PBXBuildFile; fileRef = FAD94F241C4A250700EC0C46 /* User.swift */; };
/* End PBXBuildFile section */

/* Begin PBXContainerItemProxy section */
		FAD94F081C48E71A00EC0C46 /* PBXContainerItemProxy */ = {
			isa = PBXContainerItemProxy;
			containerPortal = FAD94EEB1C48E71900EC0C46 /* Project object */;
			proxyType = 1;
			remoteGlobalIDString = FAD94EF21C48E71900EC0C46;
			remoteInfo = Auto_Layout;
		};
		FAD94F131C48E71A00EC0C46 /* PBXContainerItemProxy */ = {
			isa = PBXContainerItemProxy;
			containerPortal = FAD94EEB1C48E71900EC0C46 /* Project object */;
			proxyType = 1;
			remoteGlobalIDString = FAD94EF21C48E71900EC0C46;
			remoteInfo = Auto_Layout;
		};
/* End PBXContainerItemProxy section */

/* Begin PBXFileReference section */
		FAD94EF31C48E71900EC0C46 /* Auto_Layout.app */ = {isa = PBXFileReference; explicitFileType = wrapper.application; includeInIndex = 0; path = Auto_Layout.app; sourceTree = BUILT_PRODUCTS_DIR; };
		FAD94EF61C48E71900EC0C46 /* AppDelegate.swift */ = {isa = PBXFileReference; lastKnownFileType = sourcecode.swift; path = AppDelegate.swift; sourceTree = "<group>"; };
		FAD94EF81C48E71900EC0C46 /* ViewController.swift */ = {isa = PBXFileReference; lastKnownFileType = sourcecode.swift; path = ViewController.swift; sourceTree = "<group>"; };
		FAD94EFB1C48E71900EC0C46 /* Base */ = {isa = PBXFileReference; lastKnownFileType = file.storyboard; name = Base; path = Base.lproj/Main.storyboard; sourceTree = "<group>"; };
		FAD94EFD1C48E71900EC0C46 /* Assets.xcassets */ = {isa = PBXFileReference; lastKnownFileType = folder.assetcatalog; name = Assets.xcassets; path = Auto_Layout/Assets.xcassets; sourceTree = "<group>"; };
		FAD94F001C48E71900EC0C46 /* Base */ = {isa = PBXFileReference; lastKnownFileType = file.storyboard; name = Base; path = Base.lproj/LaunchScreen.storyboard; sourceTree = "<group>"; };
		FAD94F021C48E71900EC0C46 /* Info.plist */ = {isa = PBXFileReference; lastKnownFileType = text.plist.xml; name = Info.plist; path = Auto_Layout/Info.plist; sourceTree = "<group>"; };
		FAD94F071C48E71A00EC0C46 /* Auto_LayoutTests.xctest */ = {isa = PBXFileReference; explicitFileType = wrapper.cfbundle; includeInIndex = 0; path = Auto_LayoutTests.xctest; sourceTree = BUILT_PRODUCTS_DIR; };
		FAD94F0B1C48E71A00EC0C46 /* Auto_LayoutTests.swift */ = {isa = PBXFileReference; lastKnownFileType = sourcecode.swift; path = Auto_LayoutTests.swift; sourceTree = "<group>"; };
		FAD94F0D1C48E71A00EC0C46 /* Info.plist */ = {isa = PBXFileReference; lastKnownFileType = text.plist.xml; path = Info.plist; sourceTree = "<group>"; };
		FAD94F121C48E71A00EC0C46 /* Auto_LayoutUITests.xctest */ = {isa = PBXFileReference; explicitFileType = wrapper.cfbundle; includeInIndex = 0; path = Auto_LayoutUITests.xctest; sourceTree = BUILT_PRODUCTS_DIR; };
		FAD94F161C48E71A00EC0C46 /* Auto_LayoutUITests.swift */ = {isa = PBXFileReference; lastKnownFileType = sourcecode.swift; path = Auto_LayoutUITests.swift; sourceTree = "<group>"; };
		FAD94F181C48E71A00EC0C46 /* Info.plist */ = {isa = PBXFileReference; lastKnownFileType = text.plist.xml; path = Info.plist; sourceTree = "<group>"; };
		FAD94F241C4A250700EC0C46 /* User.swift */ = {isa = PBXFileReference; fileEncoding = 4; lastKnownFileType = sourcecode.swift; path = User.swift; sourceTree = "<group>"; };
/* End PBXFileReference section */

/* Begin PBXFrameworksBuildPhase section */
		FAD94EF01C48E71900EC0C46 /* Frameworks */ = {
			isa = PBXFrameworksBuildPhase;
			buildActionMask = 2147483647;
			files = (
			);
			runOnlyForDeploymentPostprocessing = 0;
		};
		FAD94F041C48E71A00EC0C46 /* Frameworks */ = {
			isa = PBXFrameworksBuildPhase;
			buildActionMask = 2147483647;
			files = (
			);
			runOnlyForDeploymentPostprocessing = 0;
		};
		FAD94F0F1C48E71A00EC0C46 /* Frameworks */ = {
			isa = PBXFrameworksBuildPhase;
			buildActionMask = 2147483647;
			files = (
			);
			runOnlyForDeploymentPostprocessing = 0;
		};
/* End PBXFrameworksBuildPhase section */

/* Begin PBXGroup section */
		FAD94EEA1C48E71900EC0C46 = {
			isa = PBXGroup;
			children = (
				FAD94EF51C48E71900EC0C46 /* Auto_Layout */,
				FAD94F0A1C48E71A00EC0C46 /* Auto_LayoutTests */,
				FAD94F151C48E71A00EC0C46 /* Auto_LayoutUITests */,
				FAD94EF41C48E71900EC0C46 /* Products */,
				FAD94EFD1C48E71900EC0C46 /* Assets.xcassets */,
				FAD94EFF1C48E71900EC0C46 /* LaunchScreen.storyboard */,
				FAD94F021C48E71900EC0C46 /* Info.plist */,
			);
			sourceTree = "<group>";
		};
		FAD94EF41C48E71900EC0C46 /* Products */ = {
			isa = PBXGroup;
			children = (
				FAD94EF31C48E71900EC0C46 /* Auto_Layout.app */,
				FAD94F071C48E71A00EC0C46 /* Auto_LayoutTests.xctest */,
				FAD94F121C48E71A00EC0C46 /* Auto_LayoutUITests.xctest */,
			);
			name = Products;
			sourceTree = "<group>";
		};
		FAD94EF51C48E71900EC0C46 /* Auto_Layout */ = {
			isa = PBXGroup;
			children = (
				FAD94EF61C48E71900EC0C46 /* AppDelegate.swift */,
				FAD94EF81C48E71900EC0C46 /* ViewController.swift */,
				FAD94EFA1C48E71900EC0C46 /* Main.storyboard */,
				FAD94F241C4A250700EC0C46 /* User.swift */,
			);
			path = Auto_Layout;
			sourceTree = "<group>";
		};
		FAD94F0A1C48E71A00EC0C46 /* Auto_LayoutTests */ = {
			isa = PBXGroup;
			children = (
				FAD94F0B1C48E71A00EC0C46 /* Auto_LayoutTests.swift */,
				FAD94F0D1C48E71A00EC0C46 /* Info.plist */,
			);
			path = Auto_LayoutTests;
			sourceTree = "<group>";
		};
		FAD94F151C48E71A00EC0C46 /* Auto_LayoutUITests */ = {
			isa = PBXGroup;
			children = (
				FAD94F161C48E71A00EC0C46 /* Auto_LayoutUITests.swift */,
				FAD94F181C48E71A00EC0C46 /* Info.plist */,
			);
			path = Auto_LayoutUITests;
			sourceTree = "<group>";
		};
/* End PBXGroup section */

/* Begin PBXNativeTarget section */
		FAD94EF21C48E71900EC0C46 /* Auto_Layout */ = {
			isa = PBXNativeTarget;
			buildConfigurationList = FAD94F1B1C48E71A00EC0C46 /* Build configuration list for PBXNativeTarget "Auto_Layout" */;
			buildPhases = (
				FAD94EEF1C48E71900EC0C46 /* Sources */,
				FAD94EF01C48E71900EC0C46 /* Frameworks */,
				FAD94EF11C48E71900EC0C46 /* Resources */,
			);
			buildRules = (
			);
			dependencies = (
			);
			name = Auto_Layout;
			productName = Auto_Layout;
			productReference = FAD94EF31C48E71900EC0C46 /* Auto_Layout.app */;
			productType = "com.apple.product-type.application";
		};
		FAD94F061C48E71A00EC0C46 /* Auto_LayoutTests */ = {
			isa = PBXNativeTarget;
			buildConfigurationList = FAD94F1E1C48E71A00EC0C46 /* Build configuration list for PBXNativeTarget "Auto_LayoutTests" */;
			buildPhases = (
				FAD94F031C48E71A00EC0C46 /* Sources */,
				FAD94F041C48E71A00EC0C46 /* Frameworks */,
				FAD94F051C48E71A00EC0C46 /* Resources */,
			);
			buildRules = (
			);
			dependencies = (
				FAD94F091C48E71A00EC0C46 /* PBXTargetDependency */,
			);
			name = Auto_LayoutTests;
			productName = Auto_LayoutTests;
			productReference = FAD94F071C48E71A00EC0C46 /* Auto_LayoutTests.xctest */;
			productType = "com.apple.product-type.bundle.unit-test";
		};
		FAD94F111C48E71A00EC0C46 /* Auto_LayoutUITests */ = {
			isa = PBXNativeTarget;
			buildConfigurationList = FAD94F211C48E71A00EC0C46 /* Build configuration list for PBXNativeTarget "Auto_LayoutUITests" */;
			buildPhases = (
				FAD94F0E1C48E71A00EC0C46 /* Sources */,
				FAD94F0F1C48E71A00EC0C46 /* Frameworks */,
				FAD94F101C48E71A00EC0C46 /* Resources */,
			);
			buildRules = (
			);
			dependencies = (
				FAD94F141C48E71A00EC0C46 /* PBXTargetDependency */,
			);
			name = Auto_LayoutUITests;
			productName = Auto_LayoutUITests;
			productReference = FAD94F121C48E71A00EC0C46 /* Auto_LayoutUITests.xctest */;
			productType = "com.apple.product-type.bundle.ui-testing";
		};
/* End PBXNativeTarget section */

/* Begin PBXProject section */
		FAD94EEB1C48E71900EC0C46 /* Project object */ = {
			isa = PBXProject;
			attributes = {
				LastSwiftUpdateCheck = 0720;
				LastUpgradeCheck = 0720;
				ORGANIZATIONNAME = cheri;
				TargetAttributes = {
					FAD94EF21C48E71900EC0C46 = {
						CreatedOnToolsVersion = 7.2;
						DevelopmentTeam = ESHD6TEX7V;
					};
					FAD94F061C48E71A00EC0C46 = {
						CreatedOnToolsVersion = 7.2;
						DevelopmentTeam = ESHD6TEX7V;
						TestTargetID = FAD94EF21C48E71900EC0C46;
					};
					FAD94F111C48E71A00EC0C46 = {
						CreatedOnToolsVersion = 7.2;
						DevelopmentTeam = ESHD6TEX7V;
						TestTargetID = FAD94EF21C48E71900EC0C46;
					};
				};
			};
			buildConfigurationList = FAD94EEE1C48E71900EC0C46 /* Build configuration list for PBXProject "Auto_Layout" */;
			compatibilityVersion = "Xcode 3.2";
			developmentRegion = English;
			hasScannedForEncodings = 0;
			knownRegions = (
				en,
				Base,
			);
			mainGroup = FAD94EEA1C48E71900EC0C46;
			productRefGroup = FAD94EF41C48E71900EC0C46 /* Products */;
			projectDirPath = "";
			projectRoot = "";
			targets = (
				FAD94EF21C48E71900EC0C46 /* Auto_Layout */,
				FAD94F061C48E71A00EC0C46 /* Auto_LayoutTests */,
				FAD94F111C48E71A00EC0C46 /* Auto_LayoutUITests */,
			);
		};
/* End PBXProject section */

/* Begin PBXResourcesBuildPhase section */
		FAD94EF11C48E71900EC0C46 /* Resources */ = {
			isa = PBXResourcesBuildPhase;
			buildActionMask = 2147483647;
			files = (
				FAD94F011C48E71900EC0C46 /* LaunchScreen.storyboard in Resources */,
				FAD94EFE1C48E71900EC0C46 /* Assets.xcassets in Resources */,
				FAD94EFC1C48E71900EC0C46 /* Main.storyboard in Resources */,
			);
			runOnlyForDeploymentPostprocessing = 0;
		};
		FAD94F051C48E71A00EC0C46 /* Resources */ = {
			isa = PBXResourcesBuildPhase;
			buildActionMask = 2147483647;
			files = (
			);
			runOnlyForDeploymentPostprocessing = 0;
		};
		FAD94F101C48E71A00EC0C46 /* Resources */ = {
			isa = PBXResourcesBuildPhase;
			buildActionMask = 2147483647;
			files = (
			);
			runOnlyForDeploymentPostprocessing = 0;
		};
/* End PBXResourcesBuildPhase section */

/* Begin PBXSourcesBuildPhase section */
		FAD94EEF1C48E71900EC0C46 /* Sources */ = {
			isa = PBXSourcesBuildPhase;
			buildActionMask = 2147483647;
			files = (
				FAD94EF91C48E71900EC0C46 /* ViewController.swift in Sources */,
				FAD94EF71C48E71900EC0C46 /* AppDelegate.swift in Sources */,
				FAD94F251C4A250700EC0C46 /* User.swift in Sources */,
			);
			runOnlyForDeploymentPostprocessing = 0;
		};
		FAD94F031C48E71A00EC0C46 /* Sources */ = {
			isa = PBXSourcesBuildPhase;
			buildActionMask = 2147483647;
			files = (
				FAD94F0C1C48E71A00EC0C46 /* Auto_LayoutTests.swift in Sources */,
			);
			runOnlyForDeploymentPostprocessing = 0;
		};
		FAD94F0E1C48E71A00EC0C46 /* Sources */ = {
			isa = PBXSourcesBuildPhase;
			buildActionMask = 2147483647;
			files = (
				FAD94F171C48E71A00EC0C46 /* Auto_LayoutUITests.swift in Sources */,
			);
			runOnlyForDeploymentPostprocessing = 0;
		};
/* End PBXSourcesBuildPhase section */

/* Begin PBXTargetDependency section */
		FAD94F091C48E71A00EC0C46 /* PBXTargetDependency */ = {
			isa = PBXTargetDependency;
			target = FAD94EF21C48E71900EC0C46 /* Auto_Layout */;
			targetProxy = FAD94F081C48E71A00EC0C46 /* PBXContainerItemProxy */;
		};
		FAD94F141C48E71A00EC0C46 /* PBXTargetDependency */ = {
			isa = PBXTargetDependency;
			target = FAD94EF21C48E71900EC0C46 /* Auto_Layout */;
			targetProxy = FAD94F131C48E71A00EC0C46 /* PBXContainerItemProxy */;
		};
/* End PBXTargetDependency section */

/* Begin PBXVariantGroup section */
		FAD94EFA1C48E71900EC0C46 /* Main.storyboard */ = {
			isa = PBXVariantGroup;
			children = (
				FAD94EFB1C48E71900EC0C46 /* Base */,
			);
			name = Main.storyboard;
			sourceTree = "<group>";
		};
		FAD94EFF1C48E71900EC0C46 /* LaunchScreen.storyboard */ = {
			isa = PBXVariantGroup;
			children = (
				FAD94F001C48E71900EC0C46 /* Base */,
			);
			name = LaunchScreen.storyboard;
			path = Auto_Layout;
			sourceTree = "<group>";
		};
/* End PBXVariantGroup section */

/* Begin XCBuildConfiguration section */
		FAD94F191C48E71A00EC0C46 /* Debug */ = {
			isa = XCBuildConfiguration;
			buildSettings = {
				ALWAYS_SEARCH_USER_PATHS = NO;
				CLANG_CXX_LANGUAGE_STANDARD = "gnu++0x";
				CLANG_CXX_LIBRARY = "libc++";
				CLANG_ENABLE_MODULES = YES;
				CLANG_ENABLE_OBJC_ARC = YES;
				CLANG_WARN_BOOL_CONVERSION = YES;
				CLANG_WARN_CONSTANT_CONVERSION = YES;
				CLANG_WARN_DIRECT_OBJC_ISA_USAGE = YES_ERROR;
				CLANG_WARN_EMPTY_BODY = YES;
				CLANG_WARN_ENUM_CONVERSION = YES;
				CLANG_WARN_INT_CONVERSION = YES;
				CLANG_WARN_OBJC_ROOT_CLASS = YES_ERROR;
				CLANG_WARN_UNREACHABLE_CODE = YES;
				CLANG_WARN__DUPLICATE_METHOD_MATCH = YES;
				"CODE_SIGN_IDENTITY[sdk=iphoneos*]" = "iPhone Developer";
				COPY_PHASE_STRIP = NO;
				DEBUG_INFORMATION_FORMAT = dwarf;
				ENABLE_STRICT_OBJC_MSGSEND = YES;
				ENABLE_TESTABILITY = YES;
				GCC_C_LANGUAGE_STANDARD = gnu99;
				GCC_DYNAMIC_NO_PIC = NO;
				GCC_NO_COMMON_BLOCKS = YES;
				GCC_OPTIMIZATION_LEVEL = 0;
				GCC_PREPROCESSOR_DEFINITIONS = (
					"DEBUG=1",
					"$(inherited)",
				);
				GCC_WARN_64_TO_32_BIT_CONVERSION = YES;
				GCC_WARN_ABOUT_RETURN_TYPE = YES_ERROR;
				GCC_WARN_UNDECLARED_SELECTOR = YES;
				GCC_WARN_UNINITIALIZED_AUTOS = YES_AGGRESSIVE;
				GCC_WARN_UNUSED_FUNCTION = YES;
				GCC_WARN_UNUSED_VARIABLE = YES;
				IPHONEOS_DEPLOYMENT_TARGET = 9.2;
				MTL_ENABLE_DEBUG_INFO = YES;
				ONLY_ACTIVE_ARCH = YES;
				SDKROOT = iphoneos;
				SWIFT_OPTIMIZATION_LEVEL = "-Onone";
				TARGETED_DEVICE_FAMILY = "1,2";
			};
			name = Debug;
		};
		FAD94F1A1C48E71A00EC0C46 /* Release */ = {
			isa = XCBuildConfiguration;
			buildSettings = {
				ALWAYS_SEARCH_USER_PATHS = NO;
				CLANG_CXX_LANGUAGE_STANDARD = "gnu++0x";
				CLANG_CXX_LIBRARY = "libc++";
				CLANG_ENABLE_MODULES = YES;
				CLANG_ENABLE_OBJC_ARC = YES;
				CLANG_WARN_BOOL_CONVERSION = YES;
				CLANG_WARN_CONSTANT_CONVERSION = YES;
				CLANG_WARN_DIRECT_OBJC_ISA_USAGE = YES_ERROR;
				CLANG_WARN_EMPTY_BODY = YES;
				CLANG_WARN_ENUM_CONVERSION = YES;
				CLANG_WARN_INT_CONVERSION = YES;
				CLANG_WARN_OBJC_ROOT_CLASS = YES_ERROR;
				CLANG_WARN_UNREACHABLE_CODE = YES;
				CLANG_WARN__DUPLICATE_METHOD_MATCH = YES;
				"CODE_SIGN_IDENTITY[sdk=iphoneos*]" = "iPhone Developer";
				COPY_PHASE_STRIP = NO;
				DEBUG_INFORMATION_FORMAT = "dwarf-with-dsym";
				ENABLE_NS_ASSERTIONS = NO;
				ENABLE_STRICT_OBJC_MSGSEND = YES;
				GCC_C_LANGUAGE_STANDARD = gnu99;
				GCC_NO_COMMON_BLOCKS = YES;
				GCC_WARN_64_TO_32_BIT_CONVERSION = YES;
				GCC_WARN_ABOUT_RETURN_TYPE = YES_ERROR;
				GCC_WARN_UNDECLARED_SELECTOR = YES;
				GCC_WARN_UNINITIALIZED_AUTOS = YES_AGGRESSIVE;
				GCC_WARN_UNUSED_FUNCTION = YES;
				GCC_WARN_UNUSED_VARIABLE = YES;
				IPHONEOS_DEPLOYMENT_TARGET = 9.2;
				MTL_ENABLE_DEBUG_INFO = NO;
				SDKROOT = iphoneos;
				TARGETED_DEVICE_FAMILY = "1,2";
				VALIDATE_PRODUCT = YES;
			};
			name = Release;
		};
		FAD94F1C1C48E71A00EC0C46 /* Debug */ = {
			isa = XCBuildConfiguration;
			buildSettings = {
				ASSETCATALOG_COMPILER_APPICON_NAME = AppIcon;
				INFOPLIST_FILE = Auto_Layout/Info.plist;
				LD_RUNPATH_SEARCH_PATHS = "$(inherited) @executable_path/Frameworks";
				PRODUCT_BUNDLE_IDENTIFIER = "love.cheri.Auto-Layout";
				PRODUCT_NAME = "$(TARGET_NAME)";
			};
			name = Debug;
		};
		FAD94F1D1C48E71A00EC0C46 /* Release */ = {
			isa = XCBuildConfiguration;
			buildSettings = {
				ASSETCATALOG_COMPILER_APPICON_NAME = AppIcon;
				INFOPLIST_FILE = Auto_Layout/Info.plist;
				LD_RUNPATH_SEARCH_PATHS = "$(inherited) @executable_path/Frameworks";
				PRODUCT_BUNDLE_IDENTIFIER = "love.cheri.Auto-Layout";
				PRODUCT_NAME = "$(TARGET_NAME)";
			};
			name = Release;
		};
		FAD94F1F1C48E71A00EC0C46 /* Debug */ = {
			isa = XCBuildConfiguration;
			buildSettings = {
				BUNDLE_LOADER = "$(TEST_HOST)";
				INFOPLIST_FILE = Auto_LayoutTests/Info.plist;
				LD_RUNPATH_SEARCH_PATHS = "$(inherited) @executable_path/Frameworks @loader_path/Frameworks";
				PRODUCT_BUNDLE_IDENTIFIER = "love.cheri.Auto-LayoutTests";
				PRODUCT_NAME = "$(TARGET_NAME)";
				TEST_HOST = "$(BUILT_PRODUCTS_DIR)/Auto_Layout.app/Auto_Layout";
			};
			name = Debug;
		};
		FAD94F201C48E71A00EC0C46 /* Release */ = {
			isa = XCBuildConfiguration;
			buildSettings = {
				BUNDLE_LOADER = "$(TEST_HOST)";
				INFOPLIST_FILE = Auto_LayoutTests/Info.plist;
				LD_RUNPATH_SEARCH_PATHS = "$(inherited) @executable_path/Frameworks @loader_path/Frameworks";
				PRODUCT_BUNDLE_IDENTIFIER = "love.cheri.Auto-LayoutTests";
				PRODUCT_NAME = "$(TARGET_NAME)";
				TEST_HOST = "$(BUILT_PRODUCTS_DIR)/Auto_Layout.app/Auto_Layout";
			};
			name = Release;
		};
		FAD94F221C48E71A00EC0C46 /* Debug */ = {
			isa = XCBuildConfiguration;
			buildSettings = {
				INFOPLIST_FILE = Auto_LayoutUITests/Info.plist;
				LD_RUNPATH_SEARCH_PATHS = "$(inherited) @executable_path/Frameworks @loader_path/Frameworks";
				PRODUCT_BUNDLE_IDENTIFIER = "love.cheri.Auto-LayoutUITests";
				PRODUCT_NAME = "$(TARGET_NAME)";
				TEST_TARGET_NAME = Auto_Layout;
				USES_XCTRUNNER = YES;
			};
			name = Debug;
		};
		FAD94F231C48E71A00EC0C46 /* Release */ = {
			isa = XCBuildConfiguration;
			buildSettings = {
				INFOPLIST_FILE = Auto_LayoutUITests/Info.plist;
				LD_RUNPATH_SEARCH_PATHS = "$(inherited) @executable_path/Frameworks @loader_path/Frameworks";
				PRODUCT_BUNDLE_IDENTIFIER = "love.cheri.Auto-LayoutUITests";
				PRODUCT_NAME = "$(TARGET_NAME)";
				TEST_TARGET_NAME = Auto_Layout;
				USES_XCTRUNNER = YES;
			};
			name = Release;
		};
/* End XCBuildConfiguration section */

/* Begin XCConfigurationList section */
		FAD94EEE1C48E71900EC0C46 /* Build configuration list for PBXProject "Auto_Layout" */ = {
			isa = XCConfigurationList;
			buildConfigurations = (
				FAD94F191C48E71A00EC0C46 /* Debug */,
				FAD94F1A1C48E71A00EC0C46 /* Release */,
			);
			defaultConfigurationIsVisible = 0;
			defaultConfigurationName = Release;
		};
		FAD94F1B1C48E71A00EC0C46 /* Build configuration list for PBXNativeTarget "Auto_Layout" */ = {
			isa = XCConfigurationList;
			buildConfigurations = (
				FAD94F1C1C48E71A00EC0C46 /* Debug */,
				FAD94F1D1C48E71A00EC0C46 /* Release */,
			);
			defaultConfigurationIsVisible = 0;
		};
		FAD94F1E1C48E71A00EC0C46 /* Build configuration list for PBXNativeTarget "Auto_LayoutTests" */ = {
			isa = XCConfigurationList;
			buildConfigurations = (
				FAD94F1F1C48E71A00EC0C46 /* Debug */,
				FAD94F201C48E71A00EC0C46 /* Release */,
			);
			defaultConfigurationIsVisible = 0;
		};
		FAD94F211C48E71A00EC0C46 /* Build configuration list for PBXNativeTarget "Auto_LayoutUITests" */ = {
			isa = XCConfigurationList;
			buildConfigurations = (
				FAD94F221C48E71A00EC0C46 /* Debug */,
				FAD94F231C48E71A00EC0C46 /* Release */,
			);
			defaultConfigurationIsVisible = 0;
		};
/* End XCConfigurationList section */
	};
	rootObject = FAD94EEB1C48E71900EC0C46 /* Project object */;
}
